
Microsoft Visual Studio Solution File, Format Version 12.00
# Visual Studio 15
VisualStudioVersion = 15.0.27130.2020
MinimumVisualStudioVersion = 10.0.40219.1
Project("{9A19103F-16F7-4668-BE54-9A1E7A4F7556}") = "Console", "Console\Console.csproj", "{A03D0AC7-CB27-4D72-9AD2-BAD773DBDE2B}"
EndProject
Project("{E53339B2-1760-4266-BCC7-CA923CBCF16C}") = "docker-compose", "docker-compose.dcproj", "{28911CDA-1A28-4D91-9894-1984D8A6E772}"
EndProject
Global
	GlobalSection(SolutionConfigurationPlatforms) = preSolution
		Debug|Any CPU = Debug|Any CPU
		Release|Any CPU = Release|Any CPU
	EndGlobalSection
	GlobalSection(ProjectConfigurationPlatforms) = postSolution
		{A03D0AC7-CB27-4D72-9AD2-BAD773DBDE2B}.Debug|Any CPU.ActiveCfg = Debug|Any CPU
		{A03D0AC7-CB27-4D72-9AD2-BAD773DBDE2B}.Debug|Any CPU.Build.0 = Debug|Any CPU
		{A03D0AC7-CB27-4D72-9AD2-BAD773DBDE2B}.Release|Any CPU.ActiveCfg = Release|Any CPU
		{A03D0AC7-CB27-4D72-9AD2-BAD773DBDE2B}.Release|Any CPU.Build.0 = Release|Any CPU
		{28911CDA-1A28-4D91-9894-1984D8A6E772}.Debug|Any CPU.ActiveCfg = Debug|Any CPU
		{28911CDA-1A28-4D91-9894-1984D8A6E772}.Debug|Any CPU.Build.0 = Debug|Any CPU
		{28911CDA-1A28-4D91-9894-1984D8A6E772}.Release|Any CPU.ActiveCfg = Release|Any CPU
		{28911CDA-1A28-4D91-9894-1984D8A6E772}.Release|Any CPU.Build.0 = Release|Any CPU
	EndGlobalSection
	GlobalSection(SolutionProperties) = preSolution
		HideSolutionNode = FALSE
	EndGlobalSection
	GlobalSection(ExtensibilityGlobals) = postSolution
		SolutionGuid = {27F2D9FB-62C7-48E9-A701-8FB5F163181A}
	EndGlobalSection
EndGlobal
